Microsoft Visual Studio Solution File, Format Version 12.00
# Visual Studio Version 17
VisualStudioVersion = 17.0.31903.59
MinimumVisualStudioVersion = 10.0.40219.1
Project("2150E333-8FDC-42A3-9474-1A3956D46DE8") = "src", "src", "{D4BCB964-1F21-5B53-94B0-F847799377A5}"
EndProject
Project("FAE04EC0-301F-11D3-BF4B-00C04F79EFBC") = "src\HardwareGuardian.App\HardwareGuardian.App", "src\HardwareGuardian.App\HardwareGuardian.App.csproj", "{1B3202AB-F697-549A-B802-8057B4CECB61}"
EndProject
Project("FAE04EC0-301F-11D3-BF4B-00C04F79EFBC") = "src\HardwareGuardian.Bios\HardwareGuardian.Bios", "src\HardwareGuardian.Bios\HardwareGuardian.Bios.csproj", "{F79D2C11-1DF8-5DE5-AB08-CF9D7A372CEE}"
EndProject
Project("FAE04EC0-301F-11D3-BF4B-00C04F79EFBC") = "src\HardwareGuardian.Core\HardwareGuardian.Core", "src\HardwareGuardian.Core\HardwareGuardian.Core.csproj", "{2A9258ED-3F52-5E6B-99B4-B801B4802D62}"
EndProject
Project("FAE04EC0-301F-11D3-BF4B-00C04F79EFBC") = "src\HardwareGuardian.Diagnostics\HardwareGuardian.Diagnostics", "src\HardwareGuardian.Diagnostics\HardwareGuardian.Diagnostics.csproj", "{93A1EAFA-526E-56F1-9EB2-CF514C2D9D7E}"
EndProject
Project("FAE04EC0-301F-11D3-BF4B-00C04F79EFBC") = "src\HardwareGuardian.Drivers\HardwareGuardian.Drivers", "src\HardwareGuardian.Drivers\HardwareGuardian.Drivers.csproj", "{630CC6BF-5D0B-5DF4-BF85-48120B2EEB18}"
EndProject
Project("FAE04EC0-301F-11D3-BF4B-00C04F79EFBC") = "src\HardwareGuardian.Hardware\HardwareGuardian.Hardware", "src\HardwareGuardian.Hardware\HardwareGuardian.Hardware.csproj", "{2E074BF1-91BF-5EA0-AE0C-8347F6F244F3}"
EndProject
Project("FAE04EC0-301F-11D3-BF4B-00C04F79EFBC") = "src\HardwareGuardian.Infrastructure\HardwareGuardian.Infrastructure", "src\HardwareGuardian.Infrastructure\HardwareGuardian.Infrastructure.csproj", "{E6A2583B-02E9-5551-8F8F-FBC41F472D52}"
EndProject
Project("FAE04EC0-301F-11D3-BF4B-00C04F79EFBC") = "src\HardwareGuardian.Maintenance\HardwareGuardian.Maintenance", "src\HardwareGuardian.Maintenance\HardwareGuardian.Maintenance.csproj", "{AD8FDCFC-242B-525E-B0B4-9DBC272268B6}"
EndProject
Project("FAE04EC0-301F-11D3-BF4B-00C04F79EFBC") = "src\HardwareGuardian.Manufacturer\HardwareGuardian.Manufacturer", "src\HardwareGuardian.Manufacturer\HardwareGuardian.Manufacturer.csproj", "{802B7CFD-CE9C-525A-A6C3-9832B75D5E74}"
EndProject
Project("FAE04EC0-301F-11D3-BF4B-00C04F79EFBC") = "src\HardwareGuardian.Reporting\HardwareGuardian.Reporting", "src\HardwareGuardian.Reporting\HardwareGuardian.Reporting.csproj", "{B1E6AA6A-DBF1-5B9A-8658-139AFAC9FB41}"
EndProject
Project("FAE04EC0-301F-11D3-BF4B-00C04F79EFBC") = "src\HardwareGuardian.Security\HardwareGuardian.Security", "src\HardwareGuardian.Security\HardwareGuardian.Security.csproj", "{8A2AE457-3A99-5AF5-A8B6-B895ADD8EDDD}"
EndProject
Project("FAE04EC0-301F-11D3-BF4B-00C04F79EFBC") = "src\HardwareGuardian.Sensors\HardwareGuardian.Sensors", "src\HardwareGuardian.Sensors\HardwareGuardian.Sensors.csproj", "{948E83FE-2216-5539-8C48-57F37AA9EA7E}"
EndProject
Project("FAE04EC0-301F-11D3-BF4B-00C04F79EFBC") = "src\HardwareGuardian.Simulation\HardwareGuardian.Simulation", "src\HardwareGuardian.Simulation\HardwareGuardian.Simulation.csproj", "{4932A3E1-2D9D-5FD0-A94C-38C173093BC4}"
EndProject
Project("FAE04EC0-301F-11D3-BF4B-00C04F79EFBC") = "src\HardwareGuardian.Windows\HardwareGuardian.Windows", "src\HardwareGuardian.Windows\HardwareGuardian.Windows.csproj", "{70BB0EBE-0846-55BF-BEBF-5306C986C482}"
EndProject
Global
	GlobalSection(SolutionConfigurationPlatforms) = preSolution
		Debug|x64 = Debug|x64
		Release|x64 = Release|x64
		Debug|Any CPU = Debug|Any CPU
		Release|Any CPU = Release|Any CPU
	EndGlobalSection
	GlobalSection(ProjectConfigurationPlatforms) = postSolution
		{1B3202AB-F697-549A-B802-8057B4CECB61}.Debug|x64.ActiveCfg = Debug|Any CPU
		{1B3202AB-F697-549A-B802-8057B4CECB61}.Debug|x64.Build.0 = Debug|Any CPU
		{1B3202AB-F697-549A-B802-8057B4CECB61}.Release|x64.ActiveCfg = Release|Any CPU
		{1B3202AB-F697-549A-B802-8057B4CECB61}.Release|x64.Build.0 = Release|Any CPU
		{1B3202AB-F697-549A-B802-8057B4CECB61}.Debug|Any CPU.ActiveCfg = Debug|Any CPU
		{1B3202AB-F697-549A-B802-8057B4CECB61}.Release|Any CPU.ActiveCfg = Release|Any CPU
		{F79D2C11-1DF8-5DE5-AB08-CF9D7A372CEE}.Debug|x64.ActiveCfg = Debug|Any CPU
		{F79D2C11-1DF8-5DE5-AB08-CF9D7A372CEE}.Debug|x64.Build.0 = Debug|Any CPU
		{F79D2C11-1DF8-5DE5-AB08-CF9D7A372CEE}.Release|x64.ActiveCfg = Release|Any CPU
		{F79D2C11-1DF8-5DE5-AB08-CF9D7A372CEE}.Release|x64.Build.0 = Release|Any CPU
		{F79D2C11-1DF8-5DE5-AB08-CF9D7A372CEE}.Debug|Any CPU.ActiveCfg = Debug|Any CPU
		{F79D2C11-1DF8-5DE5-AB08-CF9D7A372CEE}.Release|Any CPU.ActiveCfg = Release|Any CPU
		{2A9258ED-3F52-5E6B-99B4-B801B4802D62}.Debug|x64.ActiveCfg = Debug|Any CPU
		{2A9258ED-3F52-5E6B-99B4-B801B4802D62}.Debug|x64.Build.0 = Debug|Any CPU
		{2A9258ED-3F52-5E6B-99B4-B801B4802D62}.Release|x64.ActiveCfg = Release|Any CPU
		{2A9258ED-3F52-5E6B-99B4-B801B4802D62}.Release|x64.Build.0 = Release|Any CPU
		{2A9258ED-3F52-5E6B-99B4-B801B4802D62}.Debug|Any CPU.ActiveCfg = Debug|Any CPU
		{2A9258ED-3F52-5E6B-99B4-B801B4802D62}.Release|Any CPU.ActiveCfg = Release|Any CPU
		{93A1EAFA-526E-56F1-9EB2-CF514C2D9D7E}.Debug|x64.ActiveCfg = Debug|Any CPU
		{93A1EAFA-526E-56F1-9EB2-CF514C2D9D7E}.Debug|x64.Build.0 = Debug|Any CPU
		{93A1EAFA-526E-56F1-9EB2-CF514C2D9D7E}.Release|x64.ActiveCfg = Release|Any CPU
		{93A1EAFA-526E-56F1-9EB2-CF514C2D9D7E}.Release|x64.Build.0 = Release|Any CPU
		{93A1EAFA-526E-56F1-9EB2-CF514C2D9D7E}.Debug|Any CPU.ActiveCfg = Debug|Any CPU
		{93A1EAFA-526E-56F1-9EB2-CF514C2D9D7E}.Release|Any CPU.ActiveCfg = Release|Any CPU
		{630CC6BF-5D0B-5DF4-BF85-48120B2EEB18}.Debug|x64.ActiveCfg = Debug|Any CPU
		{630CC6BF-5D0B-5DF4-BF85-48120B2EEB18}.Debug|x64.Build.0 = Debug|Any CPU
		{630CC6BF-5D0B-5DF4-BF85-48120B2EEB18}.Release|x64.ActiveCfg = Release|Any CPU
		{630CC6BF-5D0B-5DF4-BF85-48120B2EEB18}.Release|x64.Build.0 = Release|Any CPU
		{630CC6BF-5D0B-5DF4-BF85-48120B2EEB18}.Debug|Any CPU.ActiveCfg = Debug|Any CPU
		{630CC6BF-5D0B-5DF4-BF85-48120B2EEB18}.Release|Any CPU.ActiveCfg = Release|Any CPU
		{2E074BF1-91BF-5EA0-AE0C-8347F6F244F3}.Debug|x64.ActiveCfg = Debug|Any CPU
		{2E074BF1-91BF-5EA0-AE0C-8347F6F244F3}.Debug|x64.Build.0 = Debug|Any CPU
		{2E074BF1-91BF-5EA0-AE0C-8347F6F244F3}.Release|x64.ActiveCfg = Release|Any CPU
		{2E074BF1-91BF-5EA0-AE0C-8347F6F244F3}.Release|x64.Build.0 = Release|Any CPU
		{2E074BF1-91BF-5EA0-AE0C-8347F6F244F3}.Debug|Any CPU.ActiveCfg = Debug|Any CPU
		{2E074BF1-91BF-5EA0-AE0C-8347F6F244F3}.Release|Any CPU.ActiveCfg = Release|Any CPU
		{E6A2583B-02E9-5551-8F8F-FBC41F472D52}.Debug|x64.ActiveCfg = Debug|Any CPU
		{E6A2583B-02E9-5551-8F8F-FBC41F472D52}.Debug|x64.Build.0 = Debug|Any CPU
		{E6A2583B-02E9-5551-8F8F-FBC41F472D52}.Release|x64.ActiveCfg = Release|Any CPU
		{E6A2583B-02E9-5551-8F8F-FBC41F472D52}.Release|x64.Build.0 = Release|Any CPU
		{E6A2583B-02E9-5551-8F8F-FBC41F472D52}.Debug|Any CPU.ActiveCfg = Debug|Any CPU
		{E6A2583B-02E9-5551-8F8F-FBC41F472D52}.Release|Any CPU.ActiveCfg = Release|Any CPU
		{AD8FDCFC-242B-525E-B0B4-9DBC272268B6}.Debug|x64.ActiveCfg = Debug|Any CPU
		{AD8FDCFC-242B-525E-B0B4-9DBC272268B6}.Debug|x64.Build.0 = Debug|Any CPU
		{AD8FDCFC-242B-525E-B0B4-9DBC272268B6}.Release|x64.ActiveCfg = Release|Any CPU
		{AD8FDCFC-242B-525E-B0B4-9DBC272268B6}.Release|x64.Build.0 = Release|Any CPU
		{AD8FDCFC-242B-525E-B0B4-9DBC272268B6}.Debug|Any CPU.ActiveCfg = Debug|Any CPU
		{AD8FDCFC-242B-525E-B0B4-9DBC272268B6}.Release|Any CPU.ActiveCfg = Release|Any CPU
		{802B7CFD-CE9C-525A-A6C3-9832B75D5E74}.Debug|x64.ActiveCfg = Debug|Any CPU
		{802B7CFD-CE9C-525A-A6C3-9832B75D5E74}.Debug|x64.Build.0 = Debug|Any CPU
		{802B7CFD-CE9C-525A-A6C3-9832B75D5E74}.Release|x64.ActiveCfg = Release|Any CPU
		{802B7CFD-CE9C-525A-A6C3-9832B75D5E74}.Release|x64.Build.0 = Release|Any CPU
		{802B7CFD-CE9C-525A-A6C3-9832B75D5E74}.Debug|Any CPU.ActiveCfg = Debug|Any CPU
		{802B7CFD-CE9C-525A-A6C3-9832B75D5E74}.Release|Any CPU.ActiveCfg = Release|Any CPU
		{B1E6AA6A-DBF1-5B9A-8658-139AFAC9FB41}.Debug|x64.ActiveCfg = Debug|Any CPU
		{B1E6AA6A-DBF1-5B9A-8658-139AFAC9FB41}.Debug|x64.Build.0 = Debug|Any CPU
		{B1E6AA6A-DBF1-5B9A-8658-139AFAC9FB41}.Release|x64.ActiveCfg = Release|Any CPU
		{B1E6AA6A-DBF1-5B9A-8658-139AFAC9FB41}.Release|x64.Build.0 = Release|Any CPU
		{B1E6AA6A-DBF1-5B9A-8658-139AFAC9FB41}.Debug|Any CPU.ActiveCfg = Debug|Any CPU
		{B1E6AA6A-DBF1-5B9A-8658-139AFAC9FB41}.Release|Any CPU.ActiveCfg = Release|Any CPU
		{8A2AE457-3A99-5AF5-A8B6-B895ADD8EDDD}.Debug|x64.ActiveCfg = Debug|Any CPU
		{8A2AE457-3A99-5AF5-A8B6-B895ADD8EDDD}.Debug|x64.Build.0 = Debug|Any CPU
		{8A2AE457-3A99-5AF5-A8B6-B895ADD8EDDD}.Release|x64.ActiveCfg = Release|Any CPU
		{8A2AE457-3A99-5AF5-A8B6-B895ADD8EDDD}.Release|x64.Build.0 = Release|Any CPU
		{8A2AE457-3A99-5AF5-A8B6-B895ADD8EDDD}.Debug|Any CPU.ActiveCfg = Debug|Any CPU
		{8A2AE457-3A99-5AF5-A8B6-B895ADD8EDDD}.Release|Any CPU.ActiveCfg = Release|Any CPU
		{948E83FE-2216-5539-8C48-57F37AA9EA7E}.Debug|x64.ActiveCfg = Debug|Any CPU
		{948E83FE-2216-5539-8C48-57F37AA9EA7E}.Debug|x64.Build.0 = Debug|Any CPU
		{948E83FE-2216-5539-8C48-57F37AA9EA7E}.Release|x64.ActiveCfg = Release|Any CPU
		{948E83FE-2216-5539-8C48-57F37AA9EA7E}.Release|x64.Build.0 = Release|Any CPU
		{948E83FE-2216-5539-8C48-57F37AA9EA7E}.Debug|Any CPU.ActiveCfg = Debug|Any CPU
		{948E83FE-2216-5539-8C48-57F37AA9EA7E}.Release|Any CPU.ActiveCfg = Release|Any CPU
		{4932A3E1-2D9D-5FD0-A94C-38C173093BC4}.Debug|x64.ActiveCfg = Debug|Any CPU
		{4932A3E1-2D9D-5FD0-A94C-38C173093BC4}.Debug|x64.Build.0 = Debug|Any CPU
		{4932A3E1-2D9D-5FD0-A94C-38C173093BC4}.Release|x64.ActiveCfg = Release|Any CPU
		{4932A3E1-2D9D-5FD0-A94C-38C173093BC4}.Release|x64.Build.0 = Release|Any CPU
		{4932A3E1-2D9D-5FD0-A94C-38C173093BC4}.Debug|Any CPU.ActiveCfg = Debug|Any CPU
		{4932A3E1-2D9D-5FD0-A94C-38C173093BC4}.Release|Any CPU.ActiveCfg = Release|Any CPU
		{70BB0EBE-0846-55BF-BEBF-5306C986C482}.Debug|x64.ActiveCfg = Debug|Any CPU
		{70BB0EBE-0846-55BF-BEBF-5306C986C482}.Debug|x64.Build.0 = Debug|Any CPU
		{70BB0EBE-0846-55BF-BEBF-5306C986C482}.Release|x64.ActiveCfg = Release|Any CPU
		{70BB0EBE-0846-55BF-BEBF-5306C986C482}.Release|x64.Build.0 = Release|Any CPU
		{70BB0EBE-0846-55BF-BEBF-5306C986C482}.Debug|Any CPU.ActiveCfg = Debug|Any CPU
		{70BB0EBE-0846-55BF-BEBF-5306C986C482}.Release|Any CPU.ActiveCfg = Release|Any CPU
	EndGlobalSection
	GlobalSection(SolutionProperties) = preSolution
		HideSolutionNode = FALSE
	EndGlobalSection
	GlobalSection(NestedProjects) = preSolution
		{1B3202AB-F697-549A-B802-8057B4CECB61} = {D4BCB964-1F21-5B53-94B0-F847799377A5}
		{F79D2C11-1DF8-5DE5-AB08-CF9D7A372CEE} = {D4BCB964-1F21-5B53-94B0-F847799377A5}
		{2A9258ED-3F52-5E6B-99B4-B801B4802D62} = {D4BCB964-1F21-5B53-94B0-F847799377A5}
		{93A1EAFA-526E-56F1-9EB2-CF514C2D9D7E} = {D4BCB964-1F21-5B53-94B0-F847799377A5}
		{630CC6BF-5D0B-5DF4-BF85-48120B2EEB18} = {D4BCB964-1F21-5B53-94B0-F847799377A5}
		{2E074BF1-91BF-5EA0-AE0C-8347F6F244F3} = {D4BCB964-1F21-5B53-94B0-F847799377A5}
		{E6A2583B-02E9-5551-8F8F-FBC41F472D52} = {D4BCB964-1F21-5B53-94B0-F847799377A5}
		{AD8FDCFC-242B-525E-B0B4-9DBC272268B6} = {D4BCB964-1F21-5B53-94B0-F847799377A5}
		{802B7CFD-CE9C-525A-A6C3-9832B75D5E74} = {D4BCB964-1F21-5B53-94B0-F847799377A5}
		{B1E6AA6A-DBF1-5B9A-8658-139AFAC9FB41} = {D4BCB964-1F21-5B53-94B0-F847799377A5}
		{8A2AE457-3A99-5AF5-A8B6-B895ADD8EDDD} = {D4BCB964-1F21-5B53-94B0-F847799377A5}
		{948E83FE-2216-5539-8C48-57F37AA9EA7E} = {D4BCB964-1F21-5B53-94B0-F847799377A5}
		{4932A3E1-2D9D-5FD0-A94C-38C173093BC4} = {D4BCB964-1F21-5B53-94B0-F847799377A5}
		{70BB0EBE-0846-55BF-BEBF-5306C986C482} = {D4BCB964-1F21-5B53-94B0-F847799377A5}
	EndGlobalSection
EndGlobal
