Microsoft Visual Studio Solution File, Format Version 12.00
# Visual Studio Version 17
VisualStudioVersion = 17.0.31903.59
MinimumVisualStudioVersion = 10.0.40219.1
Project("2150E333-8FDC-42A3-9474-1A3956D46DE8") = "src", "src", "{63FF1DEA-8F6F-5A92-8C35-1E295E4D570E}"
EndProject
Project("2150E333-8FDC-42A3-9474-1A3956D46DE8") = "tests", "tests", "{67ABF9E0-C968-5A81-B2E4-0EB90E3DC424}"
EndProject
Project("FAE04EC0-301F-11D3-BF4B-00C04F79EFBC") = "src\WindowsMaintenanceCenter.App\WindowsMaintenanceCenter.App", "src\WindowsMaintenanceCenter.App\WindowsMaintenanceCenter.App.csproj", "{5F073EE6-9EBC-5002-BC66-C54DF5924B3E}"
EndProject
Project("FAE04EC0-301F-11D3-BF4B-00C04F79EFBC") = "src\WindowsMaintenanceCenter.Bios\WindowsMaintenanceCenter.Bios", "src\WindowsMaintenanceCenter.Bios\WindowsMaintenanceCenter.Bios.csproj", "{5616F4B6-1F25-54D3-A25C-BF0E1FAB8F81}"
EndProject
Project("FAE04EC0-301F-11D3-BF4B-00C04F79EFBC") = "src\WindowsMaintenanceCenter.Core\WindowsMaintenanceCenter.Core", "src\WindowsMaintenanceCenter.Core\WindowsMaintenanceCenter.Core.csproj", "{1229762C-C41C-5A70-9D65-B89D14500340}"
EndProject
Project("FAE04EC0-301F-11D3-BF4B-00C04F79EFBC") = "src\WindowsMaintenanceCenter.Diagnostics\WindowsMaintenanceCenter.Diagnostics", "src\WindowsMaintenanceCenter.Diagnostics\WindowsMaintenanceCenter.Diagnostics.csproj", "{45BA69E2-9962-518C-B118-BABF75AB8FCC}"
EndProject
Project("FAE04EC0-301F-11D3-BF4B-00C04F79EFBC") = "src\WindowsMaintenanceCenter.Drivers\WindowsMaintenanceCenter.Drivers", "src\WindowsMaintenanceCenter.Drivers\WindowsMaintenanceCenter.Drivers.csproj", "{64BB7C70-49FB-553C-90DA-698F004701B9}"
EndProject
Project("FAE04EC0-301F-11D3-BF4B-00C04F79EFBC") = "src\WindowsMaintenanceCenter.Hardware\WindowsMaintenanceCenter.Hardware", "src\WindowsMaintenanceCenter.Hardware\WindowsMaintenanceCenter.Hardware.csproj", "{14CE22C8-BEF1-5DE4-8BF3-7632F275C031}"
EndProject
Project("FAE04EC0-301F-11D3-BF4B-00C04F79EFBC") = "src\WindowsMaintenanceCenter.Infrastructure\WindowsMaintenanceCenter.Infrastructure", "src\WindowsMaintenanceCenter.Infrastructure\WindowsMaintenanceCenter.Infrastructure.csproj", "{0AC60C45-742F-5377-B720-4F175F1ED1B2}"
EndProject
Project("FAE04EC0-301F-11D3-BF4B-00C04F79EFBC") = "src\WindowsMaintenanceCenter.Maintenance\WindowsMaintenanceCenter.Maintenance", "src\WindowsMaintenanceCenter.Maintenance\WindowsMaintenanceCenter.Maintenance.csproj", "{CD929B92-5BC3-5E2E-8506-D04CCE3AA41A}"
EndProject
Project("FAE04EC0-301F-11D3-BF4B-00C04F79EFBC") = "src\WindowsMaintenanceCenter.Manufacturer\WindowsMaintenanceCenter.Manufacturer", "src\WindowsMaintenanceCenter.Manufacturer\WindowsMaintenanceCenter.Manufacturer.csproj", "{E78A613E-6800-5378-9F18-C56FFCF5C8F4}"
EndProject
Project("FAE04EC0-301F-11D3-BF4B-00C04F79EFBC") = "src\WindowsMaintenanceCenter.Reporting\WindowsMaintenanceCenter.Reporting", "src\WindowsMaintenanceCenter.Reporting\WindowsMaintenanceCenter.Reporting.csproj", "{64A44886-CD51-5B84-9F0C-EE50EF2BA16B}"
EndProject
Project("FAE04EC0-301F-11D3-BF4B-00C04F79EFBC") = "src\WindowsMaintenanceCenter.Security\WindowsMaintenanceCenter.Security", "src\WindowsMaintenanceCenter.Security\WindowsMaintenanceCenter.Security.csproj", "{35BA0D1E-71AE-5705-A740-4972783B337E}"
EndProject
Project("FAE04EC0-301F-11D3-BF4B-00C04F79EFBC") = "src\WindowsMaintenanceCenter.Sensors\WindowsMaintenanceCenter.Sensors", "src\WindowsMaintenanceCenter.Sensors\WindowsMaintenanceCenter.Sensors.csproj", "{75A6DF7D-8238-549F-8B44-555EE9914399}"
EndProject
Project("FAE04EC0-301F-11D3-BF4B-00C04F79EFBC") = "src\WindowsMaintenanceCenter.Simulation\WindowsMaintenanceCenter.Simulation", "src\WindowsMaintenanceCenter.Simulation\WindowsMaintenanceCenter.Simulation.csproj", "{9835BFC9-C96A-54C7-B2E8-EA4ECEB84322}"
EndProject
Project("FAE04EC0-301F-11D3-BF4B-00C04F79EFBC") = "src\WindowsMaintenanceCenter.Windows\WindowsMaintenanceCenter.Windows", "src\WindowsMaintenanceCenter.Windows\WindowsMaintenanceCenter.Windows.csproj", "{C20734DB-6009-5D44-8B79-F118CE716830}"
EndProject
Project("FAE04EC0-301F-11D3-BF4B-00C04F79EFBC") = "tests\WindowsMaintenanceCenter.Tests\WindowsMaintenanceCenter.Tests", "tests\WindowsMaintenanceCenter.Tests\WindowsMaintenanceCenter.Tests.csproj", "{D58E6842-8B7E-5009-ACEC-C6646CF97206}"
EndProject
Global
	GlobalSection(SolutionConfigurationPlatforms) = preSolution
		Debug|x64 = Debug|x64
		Release|x64 = Release|x64
		Debug|Any CPU = Debug|Any CPU
		Release|Any CPU = Release|Any CPU
	EndGlobalSection
	GlobalSection(ProjectConfigurationPlatforms) = postSolution
		{5F073EE6-9EBC-5002-BC66-C54DF5924B3E}.Debug|x64.ActiveCfg = Debug|Any CPU
		{5F073EE6-9EBC-5002-BC66-C54DF5924B3E}.Debug|x64.Build.0 = Debug|Any CPU
		{5F073EE6-9EBC-5002-BC66-C54DF5924B3E}.Release|x64.ActiveCfg = Release|Any CPU
		{5F073EE6-9EBC-5002-BC66-C54DF5924B3E}.Release|x64.Build.0 = Release|Any CPU
		{5F073EE6-9EBC-5002-BC66-C54DF5924B3E}.Debug|Any CPU.ActiveCfg = Debug|Any CPU
		{5F073EE6-9EBC-5002-BC66-C54DF5924B3E}.Release|Any CPU.ActiveCfg = Release|Any CPU
		{5616F4B6-1F25-54D3-A25C-BF0E1FAB8F81}.Debug|x64.ActiveCfg = Debug|Any CPU
		{5616F4B6-1F25-54D3-A25C-BF0E1FAB8F81}.Debug|x64.Build.0 = Debug|Any CPU
		{5616F4B6-1F25-54D3-A25C-BF0E1FAB8F81}.Release|x64.ActiveCfg = Release|Any CPU
		{5616F4B6-1F25-54D3-A25C-BF0E1FAB8F81}.Release|x64.Build.0 = Release|Any CPU
		{5616F4B6-1F25-54D3-A25C-BF0E1FAB8F81}.Debug|Any CPU.ActiveCfg = Debug|Any CPU
		{5616F4B6-1F25-54D3-A25C-BF0E1FAB8F81}.Release|Any CPU.ActiveCfg = Release|Any CPU
		{1229762C-C41C-5A70-9D65-B89D14500340}.Debug|x64.ActiveCfg = Debug|Any CPU
		{1229762C-C41C-5A70-9D65-B89D14500340}.Debug|x64.Build.0 = Debug|Any CPU
		{1229762C-C41C-5A70-9D65-B89D14500340}.Release|x64.ActiveCfg = Release|Any CPU
		{1229762C-C41C-5A70-9D65-B89D14500340}.Release|x64.Build.0 = Release|Any CPU
		{1229762C-C41C-5A70-9D65-B89D14500340}.Debug|Any CPU.ActiveCfg = Debug|Any CPU
		{1229762C-C41C-5A70-9D65-B89D14500340}.Release|Any CPU.ActiveCfg = Release|Any CPU
		{45BA69E2-9962-518C-B118-BABF75AB8FCC}.Debug|x64.ActiveCfg = Debug|Any CPU
		{45BA69E2-9962-518C-B118-BABF75AB8FCC}.Debug|x64.Build.0 = Debug|Any CPU
		{45BA69E2-9962-518C-B118-BABF75AB8FCC}.Release|x64.ActiveCfg = Release|Any CPU
		{45BA69E2-9962-518C-B118-BABF75AB8FCC}.Release|x64.Build.0 = Release|Any CPU
		{45BA69E2-9962-518C-B118-BABF75AB8FCC}.Debug|Any CPU.ActiveCfg = Debug|Any CPU
		{45BA69E2-9962-518C-B118-BABF75AB8FCC}.Release|Any CPU.ActiveCfg = Release|Any CPU
		{64BB7C70-49FB-553C-90DA-698F004701B9}.Debug|x64.ActiveCfg = Debug|Any CPU
		{64BB7C70-49FB-553C-90DA-698F004701B9}.Debug|x64.Build.0 = Debug|Any CPU
		{64BB7C70-49FB-553C-90DA-698F004701B9}.Release|x64.ActiveCfg = Release|Any CPU
		{64BB7C70-49FB-553C-90DA-698F004701B9}.Release|x64.Build.0 = Release|Any CPU
		{64BB7C70-49FB-553C-90DA-698F004701B9}.Debug|Any CPU.ActiveCfg = Debug|Any CPU
		{64BB7C70-49FB-553C-90DA-698F004701B9}.Release|Any CPU.ActiveCfg = Release|Any CPU
		{14CE22C8-BEF1-5DE4-8BF3-7632F275C031}.Debug|x64.ActiveCfg = Debug|Any CPU
		{14CE22C8-BEF1-5DE4-8BF3-7632F275C031}.Debug|x64.Build.0 = Debug|Any CPU
		{14CE22C8-BEF1-5DE4-8BF3-7632F275C031}.Release|x64.ActiveCfg = Release|Any CPU
		{14CE22C8-BEF1-5DE4-8BF3-7632F275C031}.Release|x64.Build.0 = Release|Any CPU
		{14CE22C8-BEF1-5DE4-8BF3-7632F275C031}.Debug|Any CPU.ActiveCfg = Debug|Any CPU
		{14CE22C8-BEF1-5DE4-8BF3-7632F275C031}.Release|Any CPU.ActiveCfg = Release|Any CPU
		{0AC60C45-742F-5377-B720-4F175F1ED1B2}.Debug|x64.ActiveCfg = Debug|Any CPU
		{0AC60C45-742F-5377-B720-4F175F1ED1B2}.Debug|x64.Build.0 = Debug|Any CPU
		{0AC60C45-742F-5377-B720-4F175F1ED1B2}.Release|x64.ActiveCfg = Release|Any CPU
		{0AC60C45-742F-5377-B720-4F175F1ED1B2}.Release|x64.Build.0 = Release|Any CPU
		{0AC60C45-742F-5377-B720-4F175F1ED1B2}.Debug|Any CPU.ActiveCfg = Debug|Any CPU
		{0AC60C45-742F-5377-B720-4F175F1ED1B2}.Release|Any CPU.ActiveCfg = Release|Any CPU
		{CD929B92-5BC3-5E2E-8506-D04CCE3AA41A}.Debug|x64.ActiveCfg = Debug|Any CPU
		{CD929B92-5BC3-5E2E-8506-D04CCE3AA41A}.Debug|x64.Build.0 = Debug|Any CPU
		{CD929B92-5BC3-5E2E-8506-D04CCE3AA41A}.Release|x64.ActiveCfg = Release|Any CPU
		{CD929B92-5BC3-5E2E-8506-D04CCE3AA41A}.Release|x64.Build.0 = Release|Any CPU
		{CD929B92-5BC3-5E2E-8506-D04CCE3AA41A}.Debug|Any CPU.ActiveCfg = Debug|Any CPU
		{CD929B92-5BC3-5E2E-8506-D04CCE3AA41A}.Release|Any CPU.ActiveCfg = Release|Any CPU
		{E78A613E-6800-5378-9F18-C56FFCF5C8F4}.Debug|x64.ActiveCfg = Debug|Any CPU
		{E78A613E-6800-5378-9F18-C56FFCF5C8F4}.Debug|x64.Build.0 = Debug|Any CPU
		{E78A613E-6800-5378-9F18-C56FFCF5C8F4}.Release|x64.ActiveCfg = Release|Any CPU
		{E78A613E-6800-5378-9F18-C56FFCF5C8F4}.Release|x64.Build.0 = Release|Any CPU
		{E78A613E-6800-5378-9F18-C56FFCF5C8F4}.Debug|Any CPU.ActiveCfg = Debug|Any CPU
		{E78A613E-6800-5378-9F18-C56FFCF5C8F4}.Release|Any CPU.ActiveCfg = Release|Any CPU
		{64A44886-CD51-5B84-9F0C-EE50EF2BA16B}.Debug|x64.ActiveCfg = Debug|Any CPU
		{64A44886-CD51-5B84-9F0C-EE50EF2BA16B}.Debug|x64.Build.0 = Debug|Any CPU
		{64A44886-CD51-5B84-9F0C-EE50EF2BA16B}.Release|x64.ActiveCfg = Release|Any CPU
		{64A44886-CD51-5B84-9F0C-EE50EF2BA16B}.Release|x64.Build.0 = Release|Any CPU
		{64A44886-CD51-5B84-9F0C-EE50EF2BA16B}.Debug|Any CPU.ActiveCfg = Debug|Any CPU
		{64A44886-CD51-5B84-9F0C-EE50EF2BA16B}.Release|Any CPU.ActiveCfg = Release|Any CPU
		{35BA0D1E-71AE-5705-A740-4972783B337E}.Debug|x64.ActiveCfg = Debug|Any CPU
		{35BA0D1E-71AE-5705-A740-4972783B337E}.Debug|x64.Build.0 = Debug|Any CPU
		{35BA0D1E-71AE-5705-A740-4972783B337E}.Release|x64.ActiveCfg = Release|Any CPU
		{35BA0D1E-71AE-5705-A740-4972783B337E}.Release|x64.Build.0 = Release|Any CPU
		{35BA0D1E-71AE-5705-A740-4972783B337E}.Debug|Any CPU.ActiveCfg = Debug|Any CPU
		{35BA0D1E-71AE-5705-A740-4972783B337E}.Release|Any CPU.ActiveCfg = Release|Any CPU
		{75A6DF7D-8238-549F-8B44-555EE9914399}.Debug|x64.ActiveCfg = Debug|Any CPU
		{75A6DF7D-8238-549F-8B44-555EE9914399}.Debug|x64.Build.0 = Debug|Any CPU
		{75A6DF7D-8238-549F-8B44-555EE9914399}.Release|x64.ActiveCfg = Release|Any CPU
		{75A6DF7D-8238-549F-8B44-555EE9914399}.Release|x64.Build.0 = Release|Any CPU
		{75A6DF7D-8238-549F-8B44-555EE9914399}.Debug|Any CPU.ActiveCfg = Debug|Any CPU
		{75A6DF7D-8238-549F-8B44-555EE9914399}.Release|Any CPU.ActiveCfg = Release|Any CPU
		{9835BFC9-C96A-54C7-B2E8-EA4ECEB84322}.Debug|x64.ActiveCfg = Debug|Any CPU
		{9835BFC9-C96A-54C7-B2E8-EA4ECEB84322}.Debug|x64.Build.0 = Debug|Any CPU
		{9835BFC9-C96A-54C7-B2E8-EA4ECEB84322}.Release|x64.ActiveCfg = Release|Any CPU
		{9835BFC9-C96A-54C7-B2E8-EA4ECEB84322}.Release|x64.Build.0 = Release|Any CPU
		{9835BFC9-C96A-54C7-B2E8-EA4ECEB84322}.Debug|Any CPU.ActiveCfg = Debug|Any CPU
		{9835BFC9-C96A-54C7-B2E8-EA4ECEB84322}.Release|Any CPU.ActiveCfg = Release|Any CPU
		{C20734DB-6009-5D44-8B79-F118CE716830}.Debug|x64.ActiveCfg = Debug|Any CPU
		{C20734DB-6009-5D44-8B79-F118CE716830}.Debug|x64.Build.0 = Debug|Any CPU
		{C20734DB-6009-5D44-8B79-F118CE716830}.Release|x64.ActiveCfg = Release|Any CPU
		{C20734DB-6009-5D44-8B79-F118CE716830}.Release|x64.Build.0 = Release|Any CPU
		{C20734DB-6009-5D44-8B79-F118CE716830}.Debug|Any CPU.ActiveCfg = Debug|Any CPU
		{C20734DB-6009-5D44-8B79-F118CE716830}.Release|Any CPU.ActiveCfg = Release|Any CPU
		{D58E6842-8B7E-5009-ACEC-C6646CF97206}.Debug|x64.ActiveCfg = Debug|Any CPU
		{D58E6842-8B7E-5009-ACEC-C6646CF97206}.Debug|x64.Build.0 = Debug|Any CPU
		{D58E6842-8B7E-5009-ACEC-C6646CF97206}.Release|x64.ActiveCfg = Release|Any CPU
		{D58E6842-8B7E-5009-ACEC-C6646CF97206}.Release|x64.Build.0 = Release|Any CPU
		{D58E6842-8B7E-5009-ACEC-C6646CF97206}.Debug|Any CPU.ActiveCfg = Debug|Any CPU
		{D58E6842-8B7E-5009-ACEC-C6646CF97206}.Release|Any CPU.ActiveCfg = Release|Any CPU
	EndGlobalSection
	GlobalSection(SolutionProperties) = preSolution
		HideSolutionNode = FALSE
	EndGlobalSection
	GlobalSection(NestedProjects) = preSolution
		{5F073EE6-9EBC-5002-BC66-C54DF5924B3E} = {63FF1DEA-8F6F-5A92-8C35-1E295E4D570E}
		{5616F4B6-1F25-54D3-A25C-BF0E1FAB8F81} = {63FF1DEA-8F6F-5A92-8C35-1E295E4D570E}
		{1229762C-C41C-5A70-9D65-B89D14500340} = {63FF1DEA-8F6F-5A92-8C35-1E295E4D570E}
		{45BA69E2-9962-518C-B118-BABF75AB8FCC} = {63FF1DEA-8F6F-5A92-8C35-1E295E4D570E}
		{64BB7C70-49FB-553C-90DA-698F004701B9} = {63FF1DEA-8F6F-5A92-8C35-1E295E4D570E}
		{14CE22C8-BEF1-5DE4-8BF3-7632F275C031} = {63FF1DEA-8F6F-5A92-8C35-1E295E4D570E}
		{0AC60C45-742F-5377-B720-4F175F1ED1B2} = {63FF1DEA-8F6F-5A92-8C35-1E295E4D570E}
		{CD929B92-5BC3-5E2E-8506-D04CCE3AA41A} = {63FF1DEA-8F6F-5A92-8C35-1E295E4D570E}
		{E78A613E-6800-5378-9F18-C56FFCF5C8F4} = {63FF1DEA-8F6F-5A92-8C35-1E295E4D570E}
		{64A44886-CD51-5B84-9F0C-EE50EF2BA16B} = {63FF1DEA-8F6F-5A92-8C35-1E295E4D570E}
		{35BA0D1E-71AE-5705-A740-4972783B337E} = {63FF1DEA-8F6F-5A92-8C35-1E295E4D570E}
		{75A6DF7D-8238-549F-8B44-555EE9914399} = {63FF1DEA-8F6F-5A92-8C35-1E295E4D570E}
		{9835BFC9-C96A-54C7-B2E8-EA4ECEB84322} = {63FF1DEA-8F6F-5A92-8C35-1E295E4D570E}
		{C20734DB-6009-5D44-8B79-F118CE716830} = {63FF1DEA-8F6F-5A92-8C35-1E295E4D570E}
		{D58E6842-8B7E-5009-ACEC-C6646CF97206} = {67ABF9E0-C968-5A81-B2E4-0EB90E3DC424}
	EndGlobalSection
EndGlobal
